{
    "_readme": [
        "This file locks the dependencies of your project to a known state",
        "Read more about it at https://getcomposer.org/doc/01-basic-usage.md#installing-dependencies",
        "This file is @generated automatically"
    ],
    "content-hash": "8773116999d0bf980a757caecca3eeed",
    "packages": [
        {
            "name": "almasaeed2010/adminlte",
            "version": "v3.0.5",
            "source": {
                "type": "git",
                "url": "https://github.com/ColorlibHQ/AdminLTE.git",
                "reference": "6b8b69261f1aacbb4be037c934f3c3652e6dff27"
            },
            "dist": {
                "type": "zip",
                "url": "https://api.github.com/repos/ColorlibHQ/AdminLTE/zipball/6b8b69261f1aacbb4be037c934f3c3652e6dff27",
                "reference": "6b8b69261f1aacbb4be037c934f3c3652e6dff27",
                "shasum": ""
            },
            "type": "library",
            "notification-url": "https://packagist.org/downloads/",
            "license": [
                "MIT"
            ],
            "authors": [
                {
                    "name": "Colorlib"
                }
            ],
            "description": "AdminLTE - admin control panel and dashboard that's based on Bootstrap 4",
            "homepage": "http://adminlte.io/",
            "keywords": [
                "JS",
                "admin",
                "back-end",
                "css",
                "less",
                "responsive",
                "template",
                "theme",
                "web"
            ],
            "time": "2020-05-19T20:41:11+00:00"
        },
        {
            "name": "components/jquery",
            "version": "3.5.1",
            "source": {
                "type": "git",
                "url": "https://github.com/components/jquery.git",
                "reference": "b33e8f0f9a1cb2ae390cf05d766a900b53d2125b"
            },
            "dist": {
                "type": "zip",
                "url": "https://api.github.com/repos/components/jquery/zipball/b33e8f0f9a1cb2ae390cf05d766a900b53d2125b",
                "reference": "b33e8f0f9a1cb2ae390cf05d766a900b53d2125b",
                "shasum": ""
            },
            "type": "component",
            "extra": {
                "component": {
                    "scripts": [
                        "jquery.js"
                    ],
                    "files": [
                        "jquery.min.js",
                        "jquery.min.map",
                        "jquery.slim.js",
                        "jquery.slim.min.js",
                        "jquery.slim.min.map"
                    ]
                }
            },
            "notification-url": "https://packagist.org/downloads/",
            "license": [
                "MIT"
            ],
            "authors": [
                {
                    "name": "JS Foundation and other contributors"
                }
            ],
            "description": "jQuery JavaScript Library",
            "homepage": "http://jquery.com",
            "time": "2020-05-05T13:21:02+00:00"
        },
        {
            "name": "vakata/jstree",
            "version": "3.3.10",
            "source": {
                "type": "git",
                "url": "https://github.com/vakata/jstree.git",
                "reference": "6dce2271757dd0bd4cd0e941bd093c6678e98faf"
            },
            "dist": {
                "type": "zip",
                "url": "https://api.github.com/repos/vakata/jstree/zipball/6dce2271757dd0bd4cd0e941bd093c6678e98faf",
                "reference": "6dce2271757dd0bd4cd0e941bd093c6678e98faf",
                "shasum": ""
            },
            "require": {
                "components/jquery": ">=1.9.1"
            },
            "suggest": {
                "robloach/component-installer": "Allows installation of Components via Composer"
            },
            "type": "component",
            "extra": {
                "component": {
                    "scripts": [
                        "dist/jstree.js"
                    ],
                    "styles": [
                        "dist/themes/default/style.css"
                    ],
                    "images": [
                        "dist/themes/default/32px.png",
                        "dist/themes/default/40px.png",
                        "dist/themes/default/throbber.gif"
                    ],
                    "files": [
                        "dist/jstree.min.js",
                        "dist/themes/default/style.min.css",
                        "dist/themes/default/32px.png",
                        "dist/themes/default/40px.png",
                        "dist/themes/default/throbber.gif"
                    ]
                }
            },
            "notification-url": "https://packagist.org/downloads/",
            "license": [
                "MIT"
            ],
            "authors": [
                {
                    "name": "Ivan Bozhanov",
                    "email": "jstree@jstree.com"
                }
            ],
            "description": "jsTree is jquery plugin, that provides interactive trees.",
            "homepage": "http://jstree.com",
            "time": "2020-06-16T11:17:46+00:00"
        }
    ],
    "packages-dev": [],
    "aliases": [],
    "minimum-stability": "stable",
    "stability-flags": [],
    "prefer-stable": false,
    "prefer-lowest": false,
    "platform": [],
    "platform-dev": []
}
